
Microsoft Visual Studio Solution File, Format Version 12.00
# Visual Studio Version 16
VisualStudioVersion = 16.0.30907.101
MinimumVisualStudioVersion = 10.0.40219.1
Project("{FAE04EC0-301F-11D3-BF4B-00C04F79EFBC}") = "Proyecto1", "Proyecto1\Proyecto1.csproj", "{4C7446FD-14E5-44A9-ACAB-A9F3818EB31C}"
EndProject
Global
	GlobalSection(SolutionConfigurationPlatforms) = preSolution
		Debug|Any CPU = Debug|Any CPU
		Release|Any CPU = Release|Any CPU
	EndGlobalSection
	GlobalSection(ProjectConfigurationPlatforms) = postSolution
		{4C7446FD-14E5-44A9-ACAB-A9F3818EB31C}.Debug|Any CPU.ActiveCfg = Debug|Any CPU
		{4C7446FD-14E5-44A9-ACAB-A9F3818EB31C}.Debug|Any CPU.Build.0 = Debug|Any CPU
		{4C7446FD-14E5-44A9-ACAB-A9F3818EB31C}.Release|Any CPU.ActiveCfg = Release|Any CPU
		{4C7446FD-14E5-44A9-ACAB-A9F3818EB31C}.Release|Any CPU.Build.0 = Release|Any CPU
	EndGlobalSection
	GlobalSection(SolutionProperties) = preSolution
		HideSolutionNode = FALSE
	EndGlobalSection
	GlobalSection(ExtensibilityGlobals) = postSolution
		SolutionGuid = {0F3726E8-7D40-4D74-8BC2-3D986F8B2F17}
	EndGlobalSection
EndGlobal
